{
  "name": "@ontario-lrc/ontario-design-system-angular-material-styles",
  "version": "1.0.0-beta.2",
  "lockfileVersion": 3,
  "requires": true,
  "packages": {
    "": {
      "dependencies": {
        "@ontario-lrc/ontario-design-system-global-styles": "^2.5.2"
      }
    },
    "node_modules/@ontario-lrc/ontario-design-system-design-tokens": {
      "version": "2.5.2",
      "resolved": "https://registry.npmjs.org/@ontario-lrc/ontario-design-system-design-tokens/-/ontario-design-system-design-tokens-2.5.2.tgz",
      "integrity": "sha512-2f/Q8i4a5YYAQ13az+HP6bEP94KedB8kuidYMxmBkBi39QH/x/uFkyTOHMCxPzBZgkBrPPkxH9qGi6Zl5r56pg=="
    },
    "node_modules/@ontario-lrc/ontario-design-system-global-styles": {
      "version": "2.5.2",
      "resolved": "https://registry.npmjs.org/@ontario-lrc/ontario-design-system-global-styles/-/ontario-design-system-global-styles-2.5.2.tgz",
      "integrity": "sha512-uO8Egtv7YRXl/vQk2aclKB411AA14hY8V3iszhWn9a1wA3x6Y3P89VMe4z0CQ2QGQp0mdAly7wv8i37RRVb71A==",
      "dependencies": {
        "@ontario-lrc/ontario-design-system-design-tokens": "2.5.2"
      }
    }
  }
}
