{
	"name": "@ontario-lrc/ontario-design-system-angular-material-styles",
	"version": "1.0.0-b.3",
	"lockfileVersion": 3,
	"requires": true,
	"packages": {
		"": {
			"name": "@ontario-lrc/ontario-design-system-angular-material-styles",
			"version": "1.0.0-b.3",
			"license": "Apache-2.0",
			"dependencies": {
				"@ontario-lrc/ontario-design-system-global-styles": "^4.2.0"
			}
		},
		"node_modules/@ontario-lrc/ontario-design-system-global-styles": {
			"version": "4.2.0",
			"resolved": "https://registry.npmjs.org/@ontario-lrc/ontario-design-system-global-styles/-/ontario-design-system-global-styles-4.2.0.tgz",
			"integrity": "sha512-Ego+s4o5H4uiA4c8KRu7OsvUIuBhV50osh9wGZpuMzuhl5bxAPHtgYE4Pjvw0DI4rxdfcXoSSCocLGdBanIUew=="
		}
	}
}
