{
	"name": "@ontario-lrc/ontario-design-system-angular-material-styles",
	"version": "1.0.0-b.4",
	"lockfileVersion": 3,
	"requires": true,
	"packages": {
		"": {
			"name": "@ontario-lrc/ontario-design-system-angular-material-styles",
			"version": "1.0.0-b.4",
			"license": "Apache-2.0",
			"dependencies": {
				"@ontario-lrc/ontario-design-system-global-styles": "^4.2.0"
			}
		},
		"node_modules/@ontario-lrc/ontario-design-system-global-styles": {
			"version": "4.2.1",
			"resolved": "https://registry.npmjs.org/@ontario-lrc/ontario-design-system-global-styles/-/ontario-design-system-global-styles-4.2.1.tgz",
			"integrity": "sha512-s4oDzDXsU/rT2juD8zoyx42efwhOUmcPEFR5YkxuFl5VeJWcHshVf+KkE0K8bhJ5OH/ATSHR2A6kUwEHind+OA==",
			"license": "Apache-2.0"
		}
	}
}
